
Microsoft Visual Studio Solution File, Format Version 12.00
# Visual Studio Version 17
VisualStudioVersion = 17.5.33516.290
MinimumVisualStudioVersion = 10.0.40219.1
Project("{FAE04EC0-301F-11D3-BF4B-00C04F79EFBC}") = "ScreenRecorder", "ScreenRecorder\ScreenRecorder.csproj", "{C5E78C30-DC8A-4A8F-B899-3908BF53E99E}"
EndProject
Global
	GlobalSection(SolutionConfigurationPlatforms) = preSolution
		Debug|Any CPU = Debug|Any CPU
		Release|Any CPU = Release|Any CPU
	EndGlobalSection
	GlobalSection(ProjectConfigurationPlatforms) = postSolution
		{C5E78C30-DC8A-4A8F-B899-3908BF53E99E}.Debug|Any CPU.ActiveCfg = Debug|Any CPU
		{C5E78C30-DC8A-4A8F-B899-3908BF53E99E}.Debug|Any CPU.Build.0 = Debug|Any CPU
		{C5E78C30-DC8A-4A8F-B899-3908BF53E99E}.Release|Any CPU.ActiveCfg = Release|Any CPU
		{C5E78C30-DC8A-4A8F-B899-3908BF53E99E}.Release|Any CPU.Build.0 = Release|Any CPU
	EndGlobalSection
	GlobalSection(SolutionProperties) = preSolution
		HideSolutionNode = FALSE
	EndGlobalSection
	GlobalSection(ExtensibilityGlobals) = postSolution
		SolutionGuid = {826574C7-E547-49F1-9A86-1DD64454A102}
	EndGlobalSection
EndGlobal
